Microsoft Visual Studio Solution File, Format Version 12.00
# Visual Studio 15
VisualStudioVersion = 15.0.26403.3
MinimumVisualStudioVersion = 15.0.26124.0
Project("{2150E333-8FDC-42A3-9474-1A3956D46DE8}") = "src", "src", "{42BE6308-5AC6-40B3-96DA-1FF015AF533E}"
EndProject
Project("{9A19103F-16F7-4668-BE54-9A1E7A4F7556}") = "Kralizek.Lambda.Template", "src\Kralizek.Lambda.Template\Kralizek.Lambda.Template.csproj", "{9DDBE0B9-6C3C-4A87-89B2-D4BA074BE90E}"
EndProject
Project("{2150E333-8FDC-42A3-9474-1A3956D46DE8}") = "tests", "tests", "{A973E126-E744-44E4-A27C-6F63993AC642}"
EndProject
Project("{FAE04EC0-301F-11D3-BF4B-00C04F79EFBC}") = "Tests.Lambda.Template", "tests\Tests.Lambda.Template\Tests.Lambda.Template.csproj", "{D0263D83-E1A0-46EB-9B82-9793A4D89590}"
EndProject
Project("{2150E333-8FDC-42A3-9474-1A3956D46DE8}") = "samples", "samples", "{B9F8C8E0-047D-4F38-8F7D-E64F39E51988}"
EndProject
Project("{9A19103F-16F7-4668-BE54-9A1E7A4F7556}") = "EventFunction", "samples\EventFunction\EventFunction.csproj", "{3783641F-A1E9-42A7-A7EE-99B8E8F4DB08}"
EndProject
Project("{9A19103F-16F7-4668-BE54-9A1E7A4F7556}") = "RequestResponseFunction", "samples\RequestResponseFunction\RequestResponseFunction.csproj", "{9FAE7942-AAB6-4A33-8751-F7973F928858}"
EndProject
Project("{FAE04EC0-301F-11D3-BF4B-00C04F79EFBC}") = "Kralizek.Lambda.Template.Sns", "src\Kralizek.Lambda.Template.Sns\Kralizek.Lambda.Template.Sns.csproj", "{8DFE9840-FEF4-4E39-89FD-80E968E3C057}"
EndProject
Project("{9A19103F-16F7-4668-BE54-9A1E7A4F7556}") = "SnsEventFunction", "samples\SnsEventFunction\SnsEventFunction.csproj", "{08E76E38-D49D-4C15-8349-FC23EB37F0DF}"
EndProject
Project("{9A19103F-16F7-4668-BE54-9A1E7A4F7556}") = "Kralizek.Lambda.Template.Sqs", "src\Kralizek.Lambda.Template.Sqs\Kralizek.Lambda.Template.Sqs.csproj", "{282BE189-9DE6-4A03-B5A4-ADBF4C45D21B}"
EndProject
Global
	GlobalSection(SolutionConfigurationPlatforms) = preSolution
		Debug|Any CPU = Debug|Any CPU
		Release|Any CPU = Release|Any CPU
	EndGlobalSection
	GlobalSection(ProjectConfigurationPlatforms) = postSolution
		{9DDBE0B9-6C3C-4A87-89B2-D4BA074BE90E}.Debug|Any CPU.ActiveCfg = Debug|Any CPU
		{9DDBE0B9-6C3C-4A87-89B2-D4BA074BE90E}.Debug|Any CPU.Build.0 = Debug|Any CPU
		{9DDBE0B9-6C3C-4A87-89B2-D4BA074BE90E}.Release|Any CPU.ActiveCfg = Release|Any CPU
		{9DDBE0B9-6C3C-4A87-89B2-D4BA074BE90E}.Release|Any CPU.Build.0 = Release|Any CPU
		{D0263D83-E1A0-46EB-9B82-9793A4D89590}.Debug|Any CPU.ActiveCfg = Debug|Any CPU
		{D0263D83-E1A0-46EB-9B82-9793A4D89590}.Debug|Any CPU.Build.0 = Debug|Any CPU
		{D0263D83-E1A0-46EB-9B82-9793A4D89590}.Release|Any CPU.ActiveCfg = Release|Any CPU
		{D0263D83-E1A0-46EB-9B82-9793A4D89590}.Release|Any CPU.Build.0 = Release|Any CPU
		{3783641F-A1E9-42A7-A7EE-99B8E8F4DB08}.Debug|Any CPU.ActiveCfg = Debug|Any CPU
		{3783641F-A1E9-42A7-A7EE-99B8E8F4DB08}.Debug|Any CPU.Build.0 = Debug|Any CPU
		{3783641F-A1E9-42A7-A7EE-99B8E8F4DB08}.Release|Any CPU.ActiveCfg = Release|Any CPU
		{3783641F-A1E9-42A7-A7EE-99B8E8F4DB08}.Release|Any CPU.Build.0 = Release|Any CPU
		{9FAE7942-AAB6-4A33-8751-F7973F928858}.Debug|Any CPU.ActiveCfg = Debug|Any CPU
		{9FAE7942-AAB6-4A33-8751-F7973F928858}.Debug|Any CPU.Build.0 = Debug|Any CPU
		{9FAE7942-AAB6-4A33-8751-F7973F928858}.Release|Any CPU.ActiveCfg = Release|Any CPU
		{9FAE7942-AAB6-4A33-8751-F7973F928858}.Release|Any CPU.Build.0 = Release|Any CPU
		{8DFE9840-FEF4-4E39-89FD-80E968E3C057}.Debug|Any CPU.ActiveCfg = Debug|Any CPU
		{8DFE9840-FEF4-4E39-89FD-80E968E3C057}.Debug|Any CPU.Build.0 = Debug|Any CPU
		{8DFE9840-FEF4-4E39-89FD-80E968E3C057}.Release|Any CPU.ActiveCfg = Release|Any CPU
		{8DFE9840-FEF4-4E39-89FD-80E968E3C057}.Release|Any CPU.Build.0 = Release|Any CPU
		{08E76E38-D49D-4C15-8349-FC23EB37F0DF}.Debug|Any CPU.ActiveCfg = Debug|Any CPU
		{08E76E38-D49D-4C15-8349-FC23EB37F0DF}.Debug|Any CPU.Build.0 = Debug|Any CPU
		{08E76E38-D49D-4C15-8349-FC23EB37F0DF}.Release|Any CPU.ActiveCfg = Release|Any CPU
		{08E76E38-D49D-4C15-8349-FC23EB37F0DF}.Release|Any CPU.Build.0 = Release|Any CPU
		{282BE189-9DE6-4A03-B5A4-ADBF4C45D21B}.Debug|Any CPU.ActiveCfg = Debug|Any CPU
		{282BE189-9DE6-4A03-B5A4-ADBF4C45D21B}.Debug|Any CPU.Build.0 = Debug|Any CPU
		{282BE189-9DE6-4A03-B5A4-ADBF4C45D21B}.Release|Any CPU.ActiveCfg = Release|Any CPU
		{282BE189-9DE6-4A03-B5A4-ADBF4C45D21B}.Release|Any CPU.Build.0 = Release|Any CPU
	EndGlobalSection
	GlobalSection(SolutionProperties) = preSolution
		HideSolutionNode = FALSE
	EndGlobalSection
	GlobalSection(NestedProjects) = preSolution
		{9DDBE0B9-6C3C-4A87-89B2-D4BA074BE90E} = {42BE6308-5AC6-40B3-96DA-1FF015AF533E}
		{D0263D83-E1A0-46EB-9B82-9793A4D89590} = {A973E126-E744-44E4-A27C-6F63993AC642}
		{3783641F-A1E9-42A7-A7EE-99B8E8F4DB08} = {B9F8C8E0-047D-4F38-8F7D-E64F39E51988}
		{9FAE7942-AAB6-4A33-8751-F7973F928858} = {B9F8C8E0-047D-4F38-8F7D-E64F39E51988}
		{8DFE9840-FEF4-4E39-89FD-80E968E3C057} = {42BE6308-5AC6-40B3-96DA-1FF015AF533E}
		{08E76E38-D49D-4C15-8349-FC23EB37F0DF} = {B9F8C8E0-047D-4F38-8F7D-E64F39E51988}
		{282BE189-9DE6-4A03-B5A4-ADBF4C45D21B} = {42BE6308-5AC6-40B3-96DA-1FF015AF533E}
	EndGlobalSection
EndGlobal
