
Microsoft Visual Studio Solution File, Format Version 12.00
# Visual Studio Version 17
VisualStudioVersion = 17.0.31903.59
MinimumVisualStudioVersion = 10.0.40219.1
Project("{2150E333-8FDC-42A3-9474-1A3956D46DE8}") = "samples", "samples", "{3D496921-7E86-44BE-AF72-9786A924052A}"
EndProject
Project("{FAE04EC0-301F-11D3-BF4B-00C04F79EFBC}") = "EventFunction", "samples\EventFunction\EventFunction.csproj", "{42D6C3FB-246F-4CF8-9B72-3431FF78C845}"
EndProject
Project("{FAE04EC0-301F-11D3-BF4B-00C04F79EFBC}") = "RequestResponseFunction", "samples\RequestResponseFunction\RequestResponseFunction.csproj", "{71875B94-7313-4F3B-BC05-996DD51A7314}"
EndProject
Project("{FAE04EC0-301F-11D3-BF4B-00C04F79EFBC}") = "SnsEventFunction", "samples\SnsEventFunction\SnsEventFunction.csproj", "{BDAC13DE-DF28-4C36-8857-463963C202C4}"
EndProject
Project("{FAE04EC0-301F-11D3-BF4B-00C04F79EFBC}") = "SnsEventFunctionWithParallelism", "samples\SnsEventFunctionWithParallelism\SnsEventFunctionWithParallelism.csproj", "{E93EC39F-7934-46CE-8FD1-6D882576D66D}"
EndProject
Project("{FAE04EC0-301F-11D3-BF4B-00C04F79EFBC}") = "SqsEventFunction", "samples\SqsEventFunction\SqsEventFunction.csproj", "{DF86D670-8E2F-40B8-899E-E544B50C4024}"
EndProject
Project("{FAE04EC0-301F-11D3-BF4B-00C04F79EFBC}") = "SqsEventFunctionWithParallelism", "samples\SqsEventFunctionWithParallelism\SqsEventFunctionWithParallelism.csproj", "{EC8A27C9-363C-434A-BEBE-0955E1BB40FC}"
EndProject
Project("{2150E333-8FDC-42A3-9474-1A3956D46DE8}") = "src", "src", "{AF4300F6-9636-4925-B8D5-F98E1BDC5EF5}"
EndProject
Project("{FAE04EC0-301F-11D3-BF4B-00C04F79EFBC}") = "Kralizek.Lambda.Template", "src\Kralizek.Lambda.Template\Kralizek.Lambda.Template.csproj", "{D092A193-823E-4205-872B-E3060BC3CF1A}"
EndProject
Project("{FAE04EC0-301F-11D3-BF4B-00C04F79EFBC}") = "Kralizek.Lambda.Template.Sns", "src\Kralizek.Lambda.Template.Sns\Kralizek.Lambda.Template.Sns.csproj", "{5574076F-7D6D-4AD2-9231-76A18D2A85D7}"
EndProject
Project("{FAE04EC0-301F-11D3-BF4B-00C04F79EFBC}") = "Kralizek.Lambda.Template.Sqs", "src\Kralizek.Lambda.Template.Sqs\Kralizek.Lambda.Template.Sqs.csproj", "{F9D3C337-5936-4BCB-BA2F-03A9E7C148DD}"
EndProject
Project("{2150E333-8FDC-42A3-9474-1A3956D46DE8}") = "tests", "tests", "{7025A861-EB1B-4B7C-A193-33590F6863BD}"
EndProject
Project("{FAE04EC0-301F-11D3-BF4B-00C04F79EFBC}") = "Tests.Lambda.Template", "tests\Tests.Lambda.Template\Tests.Lambda.Template.csproj", "{518662EF-B287-4F24-9833-EABBC6CF6A82}"
EndProject
Global
	GlobalSection(SolutionConfigurationPlatforms) = preSolution
		Debug|Any CPU = Debug|Any CPU
		Release|Any CPU = Release|Any CPU
	EndGlobalSection
	GlobalSection(SolutionProperties) = preSolution
		HideSolutionNode = FALSE
	EndGlobalSection
	GlobalSection(ProjectConfigurationPlatforms) = postSolution
		{42D6C3FB-246F-4CF8-9B72-3431FF78C845}.Debug|Any CPU.ActiveCfg = Debug|Any CPU
		{42D6C3FB-246F-4CF8-9B72-3431FF78C845}.Debug|Any CPU.Build.0 = Debug|Any CPU
		{42D6C3FB-246F-4CF8-9B72-3431FF78C845}.Release|Any CPU.ActiveCfg = Release|Any CPU
		{42D6C3FB-246F-4CF8-9B72-3431FF78C845}.Release|Any CPU.Build.0 = Release|Any CPU
		{71875B94-7313-4F3B-BC05-996DD51A7314}.Debug|Any CPU.ActiveCfg = Debug|Any CPU
		{71875B94-7313-4F3B-BC05-996DD51A7314}.Debug|Any CPU.Build.0 = Debug|Any CPU
		{71875B94-7313-4F3B-BC05-996DD51A7314}.Release|Any CPU.ActiveCfg = Release|Any CPU
		{71875B94-7313-4F3B-BC05-996DD51A7314}.Release|Any CPU.Build.0 = Release|Any CPU
		{BDAC13DE-DF28-4C36-8857-463963C202C4}.Debug|Any CPU.ActiveCfg = Debug|Any CPU
		{BDAC13DE-DF28-4C36-8857-463963C202C4}.Debug|Any CPU.Build.0 = Debug|Any CPU
		{BDAC13DE-DF28-4C36-8857-463963C202C4}.Release|Any CPU.ActiveCfg = Release|Any CPU
		{BDAC13DE-DF28-4C36-8857-463963C202C4}.Release|Any CPU.Build.0 = Release|Any CPU
		{E93EC39F-7934-46CE-8FD1-6D882576D66D}.Debug|Any CPU.ActiveCfg = Debug|Any CPU
		{E93EC39F-7934-46CE-8FD1-6D882576D66D}.Debug|Any CPU.Build.0 = Debug|Any CPU
		{E93EC39F-7934-46CE-8FD1-6D882576D66D}.Release|Any CPU.ActiveCfg = Release|Any CPU
		{E93EC39F-7934-46CE-8FD1-6D882576D66D}.Release|Any CPU.Build.0 = Release|Any CPU
		{DF86D670-8E2F-40B8-899E-E544B50C4024}.Debug|Any CPU.ActiveCfg = Debug|Any CPU
		{DF86D670-8E2F-40B8-899E-E544B50C4024}.Debug|Any CPU.Build.0 = Debug|Any CPU
		{DF86D670-8E2F-40B8-899E-E544B50C4024}.Release|Any CPU.ActiveCfg = Release|Any CPU
		{DF86D670-8E2F-40B8-899E-E544B50C4024}.Release|Any CPU.Build.0 = Release|Any CPU
		{EC8A27C9-363C-434A-BEBE-0955E1BB40FC}.Debug|Any CPU.ActiveCfg = Debug|Any CPU
		{EC8A27C9-363C-434A-BEBE-0955E1BB40FC}.Debug|Any CPU.Build.0 = Debug|Any CPU
		{EC8A27C9-363C-434A-BEBE-0955E1BB40FC}.Release|Any CPU.ActiveCfg = Release|Any CPU
		{EC8A27C9-363C-434A-BEBE-0955E1BB40FC}.Release|Any CPU.Build.0 = Release|Any CPU
		{D092A193-823E-4205-872B-E3060BC3CF1A}.Debug|Any CPU.ActiveCfg = Debug|Any CPU
		{D092A193-823E-4205-872B-E3060BC3CF1A}.Debug|Any CPU.Build.0 = Debug|Any CPU
		{D092A193-823E-4205-872B-E3060BC3CF1A}.Release|Any CPU.ActiveCfg = Release|Any CPU
		{D092A193-823E-4205-872B-E3060BC3CF1A}.Release|Any CPU.Build.0 = Release|Any CPU
		{5574076F-7D6D-4AD2-9231-76A18D2A85D7}.Debug|Any CPU.ActiveCfg = Debug|Any CPU
		{5574076F-7D6D-4AD2-9231-76A18D2A85D7}.Debug|Any CPU.Build.0 = Debug|Any CPU
		{5574076F-7D6D-4AD2-9231-76A18D2A85D7}.Release|Any CPU.ActiveCfg = Release|Any CPU
		{5574076F-7D6D-4AD2-9231-76A18D2A85D7}.Release|Any CPU.Build.0 = Release|Any CPU
		{F9D3C337-5936-4BCB-BA2F-03A9E7C148DD}.Debug|Any CPU.ActiveCfg = Debug|Any CPU
		{F9D3C337-5936-4BCB-BA2F-03A9E7C148DD}.Debug|Any CPU.Build.0 = Debug|Any CPU
		{F9D3C337-5936-4BCB-BA2F-03A9E7C148DD}.Release|Any CPU.ActiveCfg = Release|Any CPU
		{F9D3C337-5936-4BCB-BA2F-03A9E7C148DD}.Release|Any CPU.Build.0 = Release|Any CPU
		{518662EF-B287-4F24-9833-EABBC6CF6A82}.Debug|Any CPU.ActiveCfg = Debug|Any CPU
		{518662EF-B287-4F24-9833-EABBC6CF6A82}.Debug|Any CPU.Build.0 = Debug|Any CPU
		{518662EF-B287-4F24-9833-EABBC6CF6A82}.Release|Any CPU.ActiveCfg = Release|Any CPU
		{518662EF-B287-4F24-9833-EABBC6CF6A82}.Release|Any CPU.Build.0 = Release|Any CPU
	EndGlobalSection
	GlobalSection(NestedProjects) = preSolution
		{42D6C3FB-246F-4CF8-9B72-3431FF78C845} = {3D496921-7E86-44BE-AF72-9786A924052A}
		{71875B94-7313-4F3B-BC05-996DD51A7314} = {3D496921-7E86-44BE-AF72-9786A924052A}
		{BDAC13DE-DF28-4C36-8857-463963C202C4} = {3D496921-7E86-44BE-AF72-9786A924052A}
		{E93EC39F-7934-46CE-8FD1-6D882576D66D} = {3D496921-7E86-44BE-AF72-9786A924052A}
		{DF86D670-8E2F-40B8-899E-E544B50C4024} = {3D496921-7E86-44BE-AF72-9786A924052A}
		{EC8A27C9-363C-434A-BEBE-0955E1BB40FC} = {3D496921-7E86-44BE-AF72-9786A924052A}
		{D092A193-823E-4205-872B-E3060BC3CF1A} = {AF4300F6-9636-4925-B8D5-F98E1BDC5EF5}
		{5574076F-7D6D-4AD2-9231-76A18D2A85D7} = {AF4300F6-9636-4925-B8D5-F98E1BDC5EF5}
		{F9D3C337-5936-4BCB-BA2F-03A9E7C148DD} = {AF4300F6-9636-4925-B8D5-F98E1BDC5EF5}
		{518662EF-B287-4F24-9833-EABBC6CF6A82} = {7025A861-EB1B-4B7C-A193-33590F6863BD}
	EndGlobalSection
EndGlobal
