<Solution>
  <Folder Name="/samples/">
    <Project Path="samples/CognitoPreSignUpFunction/CognitoPreSignUpFunction.csproj" />
    <Project Path="samples/DynamoDbStreamFunction/DynamoDbStreamFunction.csproj" />
    <Project Path="samples/EventBridgeFunction/EventBridgeFunction.csproj" />
    <Project Path="samples/EventFunction/EventFunction.csproj" />
    <Project Path="samples/KinesisStreamFunction/KinesisStreamFunction.csproj" />
    <Project Path="samples/RawSnsFunction/RawSnsFunction.csproj" />
    <Project Path="samples/RawSqsFunction/RawSqsFunction.csproj" />
    <Project Path="samples/RequestFunction/RequestFunction.csproj" />
    <Project Path="samples/SnsFunction/SnsFunction.csproj" />
    <Project Path="samples/SqsFunction/SqsFunction.csproj" />
    <Project Path="samples/SqsRawSnsS3Function/SqsRawSnsS3Function.csproj" />
    <Project Path="samples/SqsSnsS3Function/SqsSnsS3Function.csproj" />
  </Folder>
  <Folder Name="/src/">
    <Project Path="src/Kralizek.Lambda.Template.Abstractions/Kralizek.Lambda.Template.Abstractions.csproj" />
    <Project Path="src/Kralizek.Lambda.Template.Cognito/Kralizek.Lambda.Template.Cognito.csproj" />
    <Project Path="src/Kralizek.Lambda.Template.DynamoDbStreams/Kralizek.Lambda.Template.DynamoDbStreams.csproj" />
    <Project Path="src/Kralizek.Lambda.Template.EventBridge/Kralizek.Lambda.Template.EventBridge.csproj" />
    <Project Path="src/Kralizek.Lambda.Template.KinesisStreams/Kralizek.Lambda.Template.KinesisStreams.csproj" />
    <Project Path="src/Kralizek.Lambda.Template.S3/Kralizek.Lambda.Template.S3.csproj" />
    <Project Path="src/Kralizek.Lambda.Template.Sns/Kralizek.Lambda.Template.Sns.csproj" />
    <Project Path="src/Kralizek.Lambda.Template.Sqs/Kralizek.Lambda.Template.Sqs.csproj" />
    <Project Path="src/Kralizek.Lambda.Template/Kralizek.Lambda.Template.csproj" />
  </Folder>
  <Folder Name="/templates/">
    <Project Path="templates/Kralizek.Lambda.Templates.csproj" />
  </Folder>
  <Folder Name="/tests/">
    <Project Path="tests/Tests.Lambda.Template/Tests.Lambda.Template.csproj" />
  </Folder>
</Solution>