
Microsoft Visual Studio Solution File, Format Version 12.00
# Visual Studio 15
VisualStudioVersion = 15.0.26124.0
MinimumVisualStudioVersion = 15.0.26124.0
Project("{2150E333-8FDC-42A3-9474-1A3956D46DE8}") = "content", "content", "{76C58EAC-D613-468F-9B5D-1E75F31FC7DD}"
EndProject
Project("{FAE04EC0-301F-11D3-BF4B-00C04F79EFBC}") = "EmptyEventFunction", "content\EmptyEventFunction\EmptyEventFunction.csproj", "{B07FD898-248A-4EEC-9D06-9660DC703EE2}"
EndProject
Project("{FAE04EC0-301F-11D3-BF4B-00C04F79EFBC}") = "EmptyRequestResponseFunction", "content\EmptyRequestResponseFunction\EmptyRequestResponseFunction.csproj", "{820100F0-F3FF-4690-B119-3B22615B9971}"
EndProject
Project("{FAE04EC0-301F-11D3-BF4B-00C04F79EFBC}") = "RichEventFunction", "content\RichEventFunction\RichEventFunction.csproj", "{9C0C1292-E0FD-42AC-A2D6-F1A3C972B107}"
EndProject
Project("{FAE04EC0-301F-11D3-BF4B-00C04F79EFBC}") = "RichRequestResponseFunction", "content\RichRequestResponseFunction\RichRequestResponseFunction.csproj", "{6C83FEE1-B0FA-44C4-9C17-8663A8C4177C}"
EndProject
Project("{FAE04EC0-301F-11D3-BF4B-00C04F79EFBC}") = "SnsEventFunction", "content\SnsEventFunction\SnsEventFunction.csproj", "{E8180024-6B58-43EC-90FC-381679FAB03E}"
EndProject
Project("{FAE04EC0-301F-11D3-BF4B-00C04F79EFBC}") = "SqsEventFunction", "content\SqsEventFunction\SqsEventFunction.csproj", "{9D0503E4-EFC8-4DDD-96F4-BC36211727A5}"
EndProject
Project("{FAE04EC0-301F-11D3-BF4B-00C04F79EFBC}") = "SqsBatchResponseFunction", "content\SqsBatchResponseFunction\SqsBatchResponseFunction.csproj", "{3A402508-5062-4E7E-BAF2-CC3CDCA5761E}"
EndProject
Global
	GlobalSection(SolutionConfigurationPlatforms) = preSolution
		Debug|Any CPU = Debug|Any CPU
		Debug|x64 = Debug|x64
		Debug|x86 = Debug|x86
		Release|Any CPU = Release|Any CPU
		Release|x64 = Release|x64
		Release|x86 = Release|x86
	EndGlobalSection
	GlobalSection(SolutionProperties) = preSolution
		HideSolutionNode = FALSE
	EndGlobalSection
	GlobalSection(ProjectConfigurationPlatforms) = postSolution
		{B07FD898-248A-4EEC-9D06-9660DC703EE2}.Debug|Any CPU.ActiveCfg = Debug|Any CPU
		{B07FD898-248A-4EEC-9D06-9660DC703EE2}.Debug|Any CPU.Build.0 = Debug|Any CPU
		{B07FD898-248A-4EEC-9D06-9660DC703EE2}.Debug|x64.ActiveCfg = Debug|Any CPU
		{B07FD898-248A-4EEC-9D06-9660DC703EE2}.Debug|x64.Build.0 = Debug|Any CPU
		{B07FD898-248A-4EEC-9D06-9660DC703EE2}.Debug|x86.ActiveCfg = Debug|Any CPU
		{B07FD898-248A-4EEC-9D06-9660DC703EE2}.Debug|x86.Build.0 = Debug|Any CPU
		{B07FD898-248A-4EEC-9D06-9660DC703EE2}.Release|Any CPU.ActiveCfg = Release|Any CPU
		{B07FD898-248A-4EEC-9D06-9660DC703EE2}.Release|Any CPU.Build.0 = Release|Any CPU
		{B07FD898-248A-4EEC-9D06-9660DC703EE2}.Release|x64.ActiveCfg = Release|Any CPU
		{B07FD898-248A-4EEC-9D06-9660DC703EE2}.Release|x64.Build.0 = Release|Any CPU
		{B07FD898-248A-4EEC-9D06-9660DC703EE2}.Release|x86.ActiveCfg = Release|Any CPU
		{B07FD898-248A-4EEC-9D06-9660DC703EE2}.Release|x86.Build.0 = Release|Any CPU
		{820100F0-F3FF-4690-B119-3B22615B9971}.Debug|Any CPU.ActiveCfg = Debug|Any CPU
		{820100F0-F3FF-4690-B119-3B22615B9971}.Debug|Any CPU.Build.0 = Debug|Any CPU
		{820100F0-F3FF-4690-B119-3B22615B9971}.Debug|x64.ActiveCfg = Debug|Any CPU
		{820100F0-F3FF-4690-B119-3B22615B9971}.Debug|x64.Build.0 = Debug|Any CPU
		{820100F0-F3FF-4690-B119-3B22615B9971}.Debug|x86.ActiveCfg = Debug|Any CPU
		{820100F0-F3FF-4690-B119-3B22615B9971}.Debug|x86.Build.0 = Debug|Any CPU
		{820100F0-F3FF-4690-B119-3B22615B9971}.Release|Any CPU.ActiveCfg = Release|Any CPU
		{820100F0-F3FF-4690-B119-3B22615B9971}.Release|Any CPU.Build.0 = Release|Any CPU
		{820100F0-F3FF-4690-B119-3B22615B9971}.Release|x64.ActiveCfg = Release|Any CPU
		{820100F0-F3FF-4690-B119-3B22615B9971}.Release|x64.Build.0 = Release|Any CPU
		{820100F0-F3FF-4690-B119-3B22615B9971}.Release|x86.ActiveCfg = Release|Any CPU
		{820100F0-F3FF-4690-B119-3B22615B9971}.Release|x86.Build.0 = Release|Any CPU
		{9C0C1292-E0FD-42AC-A2D6-F1A3C972B107}.Debug|Any CPU.ActiveCfg = Debug|Any CPU
		{9C0C1292-E0FD-42AC-A2D6-F1A3C972B107}.Debug|Any CPU.Build.0 = Debug|Any CPU
		{9C0C1292-E0FD-42AC-A2D6-F1A3C972B107}.Debug|x64.ActiveCfg = Debug|Any CPU
		{9C0C1292-E0FD-42AC-A2D6-F1A3C972B107}.Debug|x64.Build.0 = Debug|Any CPU
		{9C0C1292-E0FD-42AC-A2D6-F1A3C972B107}.Debug|x86.ActiveCfg = Debug|Any CPU
		{9C0C1292-E0FD-42AC-A2D6-F1A3C972B107}.Debug|x86.Build.0 = Debug|Any CPU
		{9C0C1292-E0FD-42AC-A2D6-F1A3C972B107}.Release|Any CPU.ActiveCfg = Release|Any CPU
		{9C0C1292-E0FD-42AC-A2D6-F1A3C972B107}.Release|Any CPU.Build.0 = Release|Any CPU
		{9C0C1292-E0FD-42AC-A2D6-F1A3C972B107}.Release|x64.ActiveCfg = Release|Any CPU
		{9C0C1292-E0FD-42AC-A2D6-F1A3C972B107}.Release|x64.Build.0 = Release|Any CPU
		{9C0C1292-E0FD-42AC-A2D6-F1A3C972B107}.Release|x86.ActiveCfg = Release|Any CPU
		{9C0C1292-E0FD-42AC-A2D6-F1A3C972B107}.Release|x86.Build.0 = Release|Any CPU
		{6C83FEE1-B0FA-44C4-9C17-8663A8C4177C}.Debug|Any CPU.ActiveCfg = Debug|Any CPU
		{6C83FEE1-B0FA-44C4-9C17-8663A8C4177C}.Debug|Any CPU.Build.0 = Debug|Any CPU
		{6C83FEE1-B0FA-44C4-9C17-8663A8C4177C}.Debug|x64.ActiveCfg = Debug|Any CPU
		{6C83FEE1-B0FA-44C4-9C17-8663A8C4177C}.Debug|x64.Build.0 = Debug|Any CPU
		{6C83FEE1-B0FA-44C4-9C17-8663A8C4177C}.Debug|x86.ActiveCfg = Debug|Any CPU
		{6C83FEE1-B0FA-44C4-9C17-8663A8C4177C}.Debug|x86.Build.0 = Debug|Any CPU
		{6C83FEE1-B0FA-44C4-9C17-8663A8C4177C}.Release|Any CPU.ActiveCfg = Release|Any CPU
		{6C83FEE1-B0FA-44C4-9C17-8663A8C4177C}.Release|Any CPU.Build.0 = Release|Any CPU
		{6C83FEE1-B0FA-44C4-9C17-8663A8C4177C}.Release|x64.ActiveCfg = Release|Any CPU
		{6C83FEE1-B0FA-44C4-9C17-8663A8C4177C}.Release|x64.Build.0 = Release|Any CPU
		{6C83FEE1-B0FA-44C4-9C17-8663A8C4177C}.Release|x86.ActiveCfg = Release|Any CPU
		{6C83FEE1-B0FA-44C4-9C17-8663A8C4177C}.Release|x86.Build.0 = Release|Any CPU
		{E8180024-6B58-43EC-90FC-381679FAB03E}.Debug|Any CPU.ActiveCfg = Debug|Any CPU
		{E8180024-6B58-43EC-90FC-381679FAB03E}.Debug|Any CPU.Build.0 = Debug|Any CPU
		{E8180024-6B58-43EC-90FC-381679FAB03E}.Debug|x64.ActiveCfg = Debug|Any CPU
		{E8180024-6B58-43EC-90FC-381679FAB03E}.Debug|x64.Build.0 = Debug|Any CPU
		{E8180024-6B58-43EC-90FC-381679FAB03E}.Debug|x86.ActiveCfg = Debug|Any CPU
		{E8180024-6B58-43EC-90FC-381679FAB03E}.Debug|x86.Build.0 = Debug|Any CPU
		{E8180024-6B58-43EC-90FC-381679FAB03E}.Release|Any CPU.ActiveCfg = Release|Any CPU
		{E8180024-6B58-43EC-90FC-381679FAB03E}.Release|Any CPU.Build.0 = Release|Any CPU
		{E8180024-6B58-43EC-90FC-381679FAB03E}.Release|x64.ActiveCfg = Release|Any CPU
		{E8180024-6B58-43EC-90FC-381679FAB03E}.Release|x64.Build.0 = Release|Any CPU
		{E8180024-6B58-43EC-90FC-381679FAB03E}.Release|x86.ActiveCfg = Release|Any CPU
		{E8180024-6B58-43EC-90FC-381679FAB03E}.Release|x86.Build.0 = Release|Any CPU
		{9D0503E4-EFC8-4DDD-96F4-BC36211727A5}.Debug|Any CPU.ActiveCfg = Debug|Any CPU
		{9D0503E4-EFC8-4DDD-96F4-BC36211727A5}.Debug|Any CPU.Build.0 = Debug|Any CPU
		{9D0503E4-EFC8-4DDD-96F4-BC36211727A5}.Debug|x64.ActiveCfg = Debug|Any CPU
		{9D0503E4-EFC8-4DDD-96F4-BC36211727A5}.Debug|x64.Build.0 = Debug|Any CPU
		{9D0503E4-EFC8-4DDD-96F4-BC36211727A5}.Debug|x86.ActiveCfg = Debug|Any CPU
		{9D0503E4-EFC8-4DDD-96F4-BC36211727A5}.Debug|x86.Build.0 = Debug|Any CPU
		{9D0503E4-EFC8-4DDD-96F4-BC36211727A5}.Release|Any CPU.ActiveCfg = Release|Any CPU
		{9D0503E4-EFC8-4DDD-96F4-BC36211727A5}.Release|Any CPU.Build.0 = Release|Any CPU
		{9D0503E4-EFC8-4DDD-96F4-BC36211727A5}.Release|x64.ActiveCfg = Release|Any CPU
		{9D0503E4-EFC8-4DDD-96F4-BC36211727A5}.Release|x64.Build.0 = Release|Any CPU
		{9D0503E4-EFC8-4DDD-96F4-BC36211727A5}.Release|x86.ActiveCfg = Release|Any CPU
		{9D0503E4-EFC8-4DDD-96F4-BC36211727A5}.Release|x86.Build.0 = Release|Any CPU
		{3A402508-5062-4E7E-BAF2-CC3CDCA5761E}.Debug|Any CPU.ActiveCfg = Debug|Any CPU
		{3A402508-5062-4E7E-BAF2-CC3CDCA5761E}.Debug|Any CPU.Build.0 = Debug|Any CPU
		{3A402508-5062-4E7E-BAF2-CC3CDCA5761E}.Debug|x64.ActiveCfg = Debug|Any CPU
		{3A402508-5062-4E7E-BAF2-CC3CDCA5761E}.Debug|x64.Build.0 = Debug|Any CPU
		{3A402508-5062-4E7E-BAF2-CC3CDCA5761E}.Debug|x86.ActiveCfg = Debug|Any CPU
		{3A402508-5062-4E7E-BAF2-CC3CDCA5761E}.Debug|x86.Build.0 = Debug|Any CPU
		{3A402508-5062-4E7E-BAF2-CC3CDCA5761E}.Release|Any CPU.ActiveCfg = Release|Any CPU
		{3A402508-5062-4E7E-BAF2-CC3CDCA5761E}.Release|Any CPU.Build.0 = Release|Any CPU
		{3A402508-5062-4E7E-BAF2-CC3CDCA5761E}.Release|x64.ActiveCfg = Release|Any CPU
		{3A402508-5062-4E7E-BAF2-CC3CDCA5761E}.Release|x64.Build.0 = Release|Any CPU
		{3A402508-5062-4E7E-BAF2-CC3CDCA5761E}.Release|x86.ActiveCfg = Release|Any CPU
		{3A402508-5062-4E7E-BAF2-CC3CDCA5761E}.Release|x86.Build.0 = Release|Any CPU
	EndGlobalSection
	GlobalSection(NestedProjects) = preSolution
		{B07FD898-248A-4EEC-9D06-9660DC703EE2} = {76C58EAC-D613-468F-9B5D-1E75F31FC7DD}
		{820100F0-F3FF-4690-B119-3B22615B9971} = {76C58EAC-D613-468F-9B5D-1E75F31FC7DD}
		{9C0C1292-E0FD-42AC-A2D6-F1A3C972B107} = {76C58EAC-D613-468F-9B5D-1E75F31FC7DD}
		{6C83FEE1-B0FA-44C4-9C17-8663A8C4177C} = {76C58EAC-D613-468F-9B5D-1E75F31FC7DD}
		{E8180024-6B58-43EC-90FC-381679FAB03E} = {76C58EAC-D613-468F-9B5D-1E75F31FC7DD}
		{9D0503E4-EFC8-4DDD-96F4-BC36211727A5} = {76C58EAC-D613-468F-9B5D-1E75F31FC7DD}
		{3A402508-5062-4E7E-BAF2-CC3CDCA5761E} = {76C58EAC-D613-468F-9B5D-1E75F31FC7DD}
	EndGlobalSection
EndGlobal
